
Microsoft Visual Studio Solution File, Format Version 12.00
# Visual Studio Version 17
VisualStudioVersion = 17.5.2.0
MinimumVisualStudioVersion = 10.0.40219.1
Project("{FAE04EC0-301F-11D3-BF4B-00C04F79EFBC}") = "Sandbox.Mounting.Source", "Sandbox.Mounting.Source.csproj", "{A661E7A1-53C4-7793-9856-2529400F9F0A}"
EndProject
Project("{FAE04EC0-301F-11D3-BF4B-00C04F79EFBC}") = "Sandbox.Mounting", "..\Sandbox.Mounting\Sandbox.Mounting.csproj", "{21CC1C11-52EC-4749-B722-D79AC9CFE513}"
EndProject
Project("{FAE04EC0-301F-11D3-BF4B-00C04F79EFBC}") = "Sandbox.System", "..\..\Sandbox.System\Sandbox.System.csproj", "{7B97739E-CDFC-4D1A-825B-BC6B82BF4AA7}"
EndProject
Project("{FAE04EC0-301F-11D3-BF4B-00C04F79EFBC}") = "Sandbox.Engine", "..\..\Sandbox.Engine\Sandbox.Engine.csproj", "{A1CBF53A-023C-4035-B713-9CCC82BD9FA5}"
EndProject
Project("{FAE04EC0-301F-11D3-BF4B-00C04F79EFBC}") = "CodeGen", "..\..\Tools\CodeGen\CodeGen.csproj", "{49B79339-315C-4A3C-9998-C1929B335B84}"
EndProject
Project("{FAE04EC0-301F-11D3-BF4B-00C04F79EFBC}") = "Sandbox.Generator", "..\..\Sandbox.Generator\Sandbox.Generator.csproj", "{E79378FD-D4DC-48C2-BAC4-F01693941B8F}"
EndProject
Project("{FAE04EC0-301F-11D3-BF4B-00C04F79EFBC}") = "Sandbox.Access", "..\..\Sandbox.Access\Sandbox.Access.csproj", "{EE97D48A-6CA4-4CAA-B4E4-DFC557A5838C}"
EndProject
Project("{FAE04EC0-301F-11D3-BF4B-00C04F79EFBC}") = "Sandbox.CodeUpgrader", "..\..\Sandbox.CodeUpgrader\Sandbox.CodeUpgrader.csproj", "{54163A05-CA09-4706-A3B4-401E2470F6A1}"
EndProject
Project("{FAE04EC0-301F-11D3-BF4B-00C04F79EFBC}") = "Sandbox.Compiling", "..\..\Sandbox.Compiling\Sandbox.Compiling.csproj", "{8CC68EEE-2414-4B96-BBAA-A030748CFE2D}"
EndProject
Project("{FAE04EC0-301F-11D3-BF4B-00C04F79EFBC}") = "Sandbox.Filesystem", "..\..\Sandbox.Filesystem\Sandbox.Filesystem.csproj", "{C4C58568-AE9E-47BD-86CC-FCD3A1D137FA}"
EndProject
Project("{FAE04EC0-301F-11D3-BF4B-00C04F79EFBC}") = "Sandbox.Razor", "..\..\Sandbox.Razor\Sandbox.Razor.csproj", "{B1A18B31-EC9A-4D5F-874A-295DA3F8BE23}"
EndProject
Project("{FAE04EC0-301F-11D3-BF4B-00C04F79EFBC}") = "Sandbox.Event", "..\..\Sandbox.Event\Sandbox.Event.csproj", "{03BD44E5-F7D0-4BEC-953A-1289BCFDD1B7}"
EndProject
Project("{FAE04EC0-301F-11D3-BF4B-00C04F79EFBC}") = "Sandbox.Hotload", "..\..\Sandbox.Hotload\Sandbox.Hotload.csproj", "{7FF4014A-06EF-4914-978B-8C485D8DAFA3}"
EndProject
Project("{FAE04EC0-301F-11D3-BF4B-00C04F79EFBC}") = "Sandbox.Reflection", "..\..\Sandbox.Reflection\Sandbox.Reflection.csproj", "{AF34CBB7-839D-4906-940C-10877B9EA9AA}"
EndProject
Project("{FAE04EC0-301F-11D3-BF4B-00C04F79EFBC}") = "Sandbox.Services", "..\..\Sandbox.Services\Sandbox.Services.csproj", "{0ED0D7D7-4216-44B8-AB4A-E66951BA2457}"
EndProject
Project("{FAE04EC0-301F-11D3-BF4B-00C04F79EFBC}") = "Sandbox.SolutionGenerator", "..\..\Sandbox.SolutionGenerator\Sandbox.SolutionGenerator.csproj", "{83E4C8A6-02F9-4792-AFDD-885CEEA343CD}"
EndProject
Project("{FAE04EC0-301F-11D3-BF4B-00C04F79EFBC}") = "Topten.RichTextKit", "..\..\ThirdParty\Topten.RichTextKit\Topten.RichTextKit.csproj", "{13E9388A-5BF0-42DC-8FA4-24E7BE8DFD2D}"
EndProject
Project("{FAE04EC0-301F-11D3-BF4B-00C04F79EFBC}") = "Microsoft.AspNetCore.Components", "..\..\Microsoft.AspNetCore.Components\Microsoft.AspNetCore.Components.csproj", "{A5F53687-E91D-4E73-99D5-79050E7491B2}"
EndProject
Global
	GlobalSection(SolutionConfigurationPlatforms) = preSolution
		Debug|Any CPU = Debug|Any CPU
		Debug|x64 = Debug|x64
		Debug|x86 = Debug|x86
		Release|Any CPU = Release|Any CPU
		Release|x64 = Release|x64
		Release|x86 = Release|x86
	EndGlobalSection
	GlobalSection(ProjectConfigurationPlatforms) = postSolution
		{A661E7A1-53C4-7793-9856-2529400F9F0A}.Debug|Any CPU.ActiveCfg = Debug|Any CPU
		{A661E7A1-53C4-7793-9856-2529400F9F0A}.Debug|Any CPU.Build.0 = Debug|Any CPU
		{A661E7A1-53C4-7793-9856-2529400F9F0A}.Debug|x64.ActiveCfg = Debug|Any CPU
		{A661E7A1-53C4-7793-9856-2529400F9F0A}.Debug|x64.Build.0 = Debug|Any CPU
		{A661E7A1-53C4-7793-9856-2529400F9F0A}.Debug|x86.ActiveCfg = Debug|Any CPU
		{A661E7A1-53C4-7793-9856-2529400F9F0A}.Debug|x86.Build.0 = Debug|Any CPU
		{A661E7A1-53C4-7793-9856-2529400F9F0A}.Release|Any CPU.ActiveCfg = Release|Any CPU
		{A661E7A1-53C4-7793-9856-2529400F9F0A}.Release|Any CPU.Build.0 = Release|Any CPU
		{A661E7A1-53C4-7793-9856-2529400F9F0A}.Release|x64.ActiveCfg = Release|Any CPU
		{A661E7A1-53C4-7793-9856-2529400F9F0A}.Release|x64.Build.0 = Release|Any CPU
		{A661E7A1-53C4-7793-9856-2529400F9F0A}.Release|x86.ActiveCfg = Release|Any CPU
		{A661E7A1-53C4-7793-9856-2529400F9F0A}.Release|x86.Build.0 = Release|Any CPU
		{21CC1C11-52EC-4749-B722-D79AC9CFE513}.Debug|Any CPU.ActiveCfg = Debug|Any CPU
		{21CC1C11-52EC-4749-B722-D79AC9CFE513}.Debug|Any CPU.Build.0 = Debug|Any CPU
		{21CC1C11-52EC-4749-B722-D79AC9CFE513}.Debug|x64.ActiveCfg = Debug|Any CPU
		{21CC1C11-52EC-4749-B722-D79AC9CFE513}.Debug|x64.Build.0 = Debug|Any CPU
		{21CC1C11-52EC-4749-B722-D79AC9CFE513}.Debug|x86.ActiveCfg = Debug|Any CPU
		{21CC1C11-52EC-4749-B722-D79AC9CFE513}.Debug|x86.Build.0 = Debug|Any CPU
		{21CC1C11-52EC-4749-B722-D79AC9CFE513}.Release|Any CPU.ActiveCfg = Release|Any CPU
		{21CC1C11-52EC-4749-B722-D79AC9CFE513}.Release|Any CPU.Build.0 = Release|Any CPU
		{21CC1C11-52EC-4749-B722-D79AC9CFE513}.Release|x64.ActiveCfg = Release|Any CPU
		{21CC1C11-52EC-4749-B722-D79AC9CFE513}.Release|x64.Build.0 = Release|Any CPU
		{21CC1C11-52EC-4749-B722-D79AC9CFE513}.Release|x86.ActiveCfg = Release|Any CPU
		{21CC1C11-52EC-4749-B722-D79AC9CFE513}.Release|x86.Build.0 = Release|Any CPU
		{7B97739E-CDFC-4D1A-825B-BC6B82BF4AA7}.Debug|Any CPU.ActiveCfg = Debug|Any CPU
		{7B97739E-CDFC-4D1A-825B-BC6B82BF4AA7}.Debug|Any CPU.Build.0 = Debug|Any CPU
		{7B97739E-CDFC-4D1A-825B-BC6B82BF4AA7}.Debug|x64.ActiveCfg = Debug|Any CPU
		{7B97739E-CDFC-4D1A-825B-BC6B82BF4AA7}.Debug|x64.Build.0 = Debug|Any CPU
		{7B97739E-CDFC-4D1A-825B-BC6B82BF4AA7}.Debug|x86.ActiveCfg = Debug|Any CPU
		{7B97739E-CDFC-4D1A-825B-BC6B82BF4AA7}.Debug|x86.Build.0 = Debug|Any CPU
		{7B97739E-CDFC-4D1A-825B-BC6B82BF4AA7}.Release|Any CPU.ActiveCfg = Release|Any CPU
		{7B97739E-CDFC-4D1A-825B-BC6B82BF4AA7}.Release|Any CPU.Build.0 = Release|Any CPU
		{7B97739E-CDFC-4D1A-825B-BC6B82BF4AA7}.Release|x64.ActiveCfg = Release|Any CPU
		{7B97739E-CDFC-4D1A-825B-BC6B82BF4AA7}.Release|x64.Build.0 = Release|Any CPU
		{7B97739E-CDFC-4D1A-825B-BC6B82BF4AA7}.Release|x86.ActiveCfg = Release|Any CPU
		{7B97739E-CDFC-4D1A-825B-BC6B82BF4AA7}.Release|x86.Build.0 = Release|Any CPU
		{A1CBF53A-023C-4035-B713-9CCC82BD9FA5}.Debug|Any CPU.ActiveCfg = Debug|Any CPU
		{A1CBF53A-023C-4035-B713-9CCC82BD9FA5}.Debug|Any CPU.Build.0 = Debug|Any CPU
		{A1CBF53A-023C-4035-B713-9CCC82BD9FA5}.Debug|x64.ActiveCfg = Debug|Any CPU
		{A1CBF53A-023C-4035-B713-9CCC82BD9FA5}.Debug|x64.Build.0 = Debug|Any CPU
		{A1CBF53A-023C-4035-B713-9CCC82BD9FA5}.Debug|x86.ActiveCfg = Debug|Any CPU
		{A1CBF53A-023C-4035-B713-9CCC82BD9FA5}.Debug|x86.Build.0 = Debug|Any CPU
		{A1CBF53A-023C-4035-B713-9CCC82BD9FA5}.Release|Any CPU.ActiveCfg = Release|Any CPU
		{A1CBF53A-023C-4035-B713-9CCC82BD9FA5}.Release|Any CPU.Build.0 = Release|Any CPU
		{A1CBF53A-023C-4035-B713-9CCC82BD9FA5}.Release|x64.ActiveCfg = Release|Any CPU
		{A1CBF53A-023C-4035-B713-9CCC82BD9FA5}.Release|x64.Build.0 = Release|Any CPU
		{A1CBF53A-023C-4035-B713-9CCC82BD9FA5}.Release|x86.ActiveCfg = Release|Any CPU
		{A1CBF53A-023C-4035-B713-9CCC82BD9FA5}.Release|x86.Build.0 = Release|Any CPU
		{49B79339-315C-4A3C-9998-C1929B335B84}.Debug|Any CPU.ActiveCfg = Debug|Any CPU
		{49B79339-315C-4A3C-9998-C1929B335B84}.Debug|Any CPU.Build.0 = Debug|Any CPU
		{49B79339-315C-4A3C-9998-C1929B335B84}.Debug|x64.ActiveCfg = Debug|Any CPU
		{49B79339-315C-4A3C-9998-C1929B335B84}.Debug|x64.Build.0 = Debug|Any CPU
		{49B79339-315C-4A3C-9998-C1929B335B84}.Debug|x86.ActiveCfg = Debug|Any CPU
		{49B79339-315C-4A3C-9998-C1929B335B84}.Debug|x86.Build.0 = Debug|Any CPU
		{49B79339-315C-4A3C-9998-C1929B335B84}.Release|Any CPU.ActiveCfg = Release|Any CPU
		{49B79339-315C-4A3C-9998-C1929B335B84}.Release|Any CPU.Build.0 = Release|Any CPU
		{49B79339-315C-4A3C-9998-C1929B335B84}.Release|x64.ActiveCfg = Release|Any CPU
		{49B79339-315C-4A3C-9998-C1929B335B84}.Release|x64.Build.0 = Release|Any CPU
		{49B79339-315C-4A3C-9998-C1929B335B84}.Release|x86.ActiveCfg = Release|Any CPU
		{49B79339-315C-4A3C-9998-C1929B335B84}.Release|x86.Build.0 = Release|Any CPU
		{E79378FD-D4DC-48C2-BAC4-F01693941B8F}.Debug|Any CPU.ActiveCfg = Debug|Any CPU
		{E79378FD-D4DC-48C2-BAC4-F01693941B8F}.Debug|Any CPU.Build.0 = Debug|Any CPU
		{E79378FD-D4DC-48C2-BAC4-F01693941B8F}.Debug|x64.ActiveCfg = Debug|Any CPU
		{E79378FD-D4DC-48C2-BAC4-F01693941B8F}.Debug|x64.Build.0 = Debug|Any CPU
		{E79378FD-D4DC-48C2-BAC4-F01693941B8F}.Debug|x86.ActiveCfg = Debug|Any CPU
		{E79378FD-D4DC-48C2-BAC4-F01693941B8F}.Debug|x86.Build.0 = Debug|Any CPU
		{E79378FD-D4DC-48C2-BAC4-F01693941B8F}.Release|Any CPU.ActiveCfg = Release|Any CPU
		{E79378FD-D4DC-48C2-BAC4-F01693941B8F}.Release|Any CPU.Build.0 = Release|Any CPU
		{E79378FD-D4DC-48C2-BAC4-F01693941B8F}.Release|x64.ActiveCfg = Release|Any CPU
		{E79378FD-D4DC-48C2-BAC4-F01693941B8F}.Release|x64.Build.0 = Release|Any CPU
		{E79378FD-D4DC-48C2-BAC4-F01693941B8F}.Release|x86.ActiveCfg = Release|Any CPU
		{E79378FD-D4DC-48C2-BAC4-F01693941B8F}.Release|x86.Build.0 = Release|Any CPU
		{EE97D48A-6CA4-4CAA-B4E4-DFC557A5838C}.Debug|Any CPU.ActiveCfg = Debug|Any CPU
		{EE97D48A-6CA4-4CAA-B4E4-DFC557A5838C}.Debug|Any CPU.Build.0 = Debug|Any CPU
		{EE97D48A-6CA4-4CAA-B4E4-DFC557A5838C}.Debug|x64.ActiveCfg = Debug|Any CPU
		{EE97D48A-6CA4-4CAA-B4E4-DFC557A5838C}.Debug|x64.Build.0 = Debug|Any CPU
		{EE97D48A-6CA4-4CAA-B4E4-DFC557A5838C}.Debug|x86.ActiveCfg = Debug|Any CPU
		{EE97D48A-6CA4-4CAA-B4E4-DFC557A5838C}.Debug|x86.Build.0 = Debug|Any CPU
		{EE97D48A-6CA4-4CAA-B4E4-DFC557A5838C}.Release|Any CPU.ActiveCfg = Release|Any CPU
		{EE97D48A-6CA4-4CAA-B4E4-DFC557A5838C}.Release|Any CPU.Build.0 = Release|Any CPU
		{EE97D48A-6CA4-4CAA-B4E4-DFC557A5838C}.Release|x64.ActiveCfg = Release|Any CPU
		{EE97D48A-6CA4-4CAA-B4E4-DFC557A5838C}.Release|x64.Build.0 = Release|Any CPU
		{EE97D48A-6CA4-4CAA-B4E4-DFC557A5838C}.Release|x86.ActiveCfg = Release|Any CPU
		{EE97D48A-6CA4-4CAA-B4E4-DFC557A5838C}.Release|x86.Build.0 = Release|Any CPU
		{54163A05-CA09-4706-A3B4-401E2470F6A1}.Debug|Any CPU.ActiveCfg = Debug|Any CPU
		{54163A05-CA09-4706-A3B4-401E2470F6A1}.Debug|Any CPU.Build.0 = Debug|Any CPU
		{54163A05-CA09-4706-A3B4-401E2470F6A1}.Debug|x64.ActiveCfg = Debug|Any CPU
		{54163A05-CA09-4706-A3B4-401E2470F6A1}.Debug|x64.Build.0 = Debug|Any CPU
		{54163A05-CA09-4706-A3B4-401E2470F6A1}.Debug|x86.ActiveCfg = Debug|Any CPU
		{54163A05-CA09-4706-A3B4-401E2470F6A1}.Debug|x86.Build.0 = Debug|Any CPU
		{54163A05-CA09-4706-A3B4-401E2470F6A1}.Release|Any CPU.ActiveCfg = Release|Any CPU
		{54163A05-CA09-4706-A3B4-401E2470F6A1}.Release|Any CPU.Build.0 = Release|Any CPU
		{54163A05-CA09-4706-A3B4-401E2470F6A1}.Release|x64.ActiveCfg = Release|Any CPU
		{54163A05-CA09-4706-A3B4-401E2470F6A1}.Release|x64.Build.0 = Release|Any CPU
		{54163A05-CA09-4706-A3B4-401E2470F6A1}.Release|x86.ActiveCfg = Release|Any CPU
		{54163A05-CA09-4706-A3B4-401E2470F6A1}.Release|x86.Build.0 = Release|Any CPU
		{8CC68EEE-2414-4B96-BBAA-A030748CFE2D}.Debug|Any CPU.ActiveCfg = Debug|Any CPU
		{8CC68EEE-2414-4B96-BBAA-A030748CFE2D}.Debug|Any CPU.Build.0 = Debug|Any CPU
		{8CC68EEE-2414-4B96-BBAA-A030748CFE2D}.Debug|x64.ActiveCfg = Debug|Any CPU
		{8CC68EEE-2414-4B96-BBAA-A030748CFE2D}.Debug|x64.Build.0 = Debug|Any CPU
		{8CC68EEE-2414-4B96-BBAA-A030748CFE2D}.Debug|x86.ActiveCfg = Debug|Any CPU
		{8CC68EEE-2414-4B96-BBAA-A030748CFE2D}.Debug|x86.Build.0 = Debug|Any CPU
		{8CC68EEE-2414-4B96-BBAA-A030748CFE2D}.Release|Any CPU.ActiveCfg = Release|Any CPU
		{8CC68EEE-2414-4B96-BBAA-A030748CFE2D}.Release|Any CPU.Build.0 = Release|Any CPU
		{8CC68EEE-2414-4B96-BBAA-A030748CFE2D}.Release|x64.ActiveCfg = Release|Any CPU
		{8CC68EEE-2414-4B96-BBAA-A030748CFE2D}.Release|x64.Build.0 = Release|Any CPU
		{8CC68EEE-2414-4B96-BBAA-A030748CFE2D}.Release|x86.ActiveCfg = Release|Any CPU
		{8CC68EEE-2414-4B96-BBAA-A030748CFE2D}.Release|x86.Build.0 = Release|Any CPU
		{C4C58568-AE9E-47BD-86CC-FCD3A1D137FA}.Debug|Any CPU.ActiveCfg = Debug|Any CPU
		{C4C58568-AE9E-47BD-86CC-FCD3A1D137FA}.Debug|Any CPU.Build.0 = Debug|Any CPU
		{C4C58568-AE9E-47BD-86CC-FCD3A1D137FA}.Debug|x64.ActiveCfg = Debug|Any CPU
		{C4C58568-AE9E-47BD-86CC-FCD3A1D137FA}.Debug|x64.Build.0 = Debug|Any CPU
		{C4C58568-AE9E-47BD-86CC-FCD3A1D137FA}.Debug|x86.ActiveCfg = Debug|Any CPU
		{C4C58568-AE9E-47BD-86CC-FCD3A1D137FA}.Debug|x86.Build.0 = Debug|Any CPU
		{C4C58568-AE9E-47BD-86CC-FCD3A1D137FA}.Release|Any CPU.ActiveCfg = Release|Any CPU
		{C4C58568-AE9E-47BD-86CC-FCD3A1D137FA}.Release|Any CPU.Build.0 = Release|Any CPU
		{C4C58568-AE9E-47BD-86CC-FCD3A1D137FA}.Release|x64.ActiveCfg = Release|Any CPU
		{C4C58568-AE9E-47BD-86CC-FCD3A1D137FA}.Release|x64.Build.0 = Release|Any CPU
		{C4C58568-AE9E-47BD-86CC-FCD3A1D137FA}.Release|x86.ActiveCfg = Release|Any CPU
		{C4C58568-AE9E-47BD-86CC-FCD3A1D137FA}.Release|x86.Build.0 = Release|Any CPU
		{B1A18B31-EC9A-4D5F-874A-295DA3F8BE23}.Debug|Any CPU.ActiveCfg = Debug|Any CPU
		{B1A18B31-EC9A-4D5F-874A-295DA3F8BE23}.Debug|Any CPU.Build.0 = Debug|Any CPU
		{B1A18B31-EC9A-4D5F-874A-295DA3F8BE23}.Debug|x64.ActiveCfg = Debug|Any CPU
		{B1A18B31-EC9A-4D5F-874A-295DA3F8BE23}.Debug|x64.Build.0 = Debug|Any CPU
		{B1A18B31-EC9A-4D5F-874A-295DA3F8BE23}.Debug|x86.ActiveCfg = Debug|Any CPU
		{B1A18B31-EC9A-4D5F-874A-295DA3F8BE23}.Debug|x86.Build.0 = Debug|Any CPU
		{B1A18B31-EC9A-4D5F-874A-295DA3F8BE23}.Release|Any CPU.ActiveCfg = Release|Any CPU
		{B1A18B31-EC9A-4D5F-874A-295DA3F8BE23}.Release|Any CPU.Build.0 = Release|Any CPU
		{B1A18B31-EC9A-4D5F-874A-295DA3F8BE23}.Release|x64.ActiveCfg = Release|Any CPU
		{B1A18B31-EC9A-4D5F-874A-295DA3F8BE23}.Release|x64.Build.0 = Release|Any CPU
		{B1A18B31-EC9A-4D5F-874A-295DA3F8BE23}.Release|x86.ActiveCfg = Release|Any CPU
		{B1A18B31-EC9A-4D5F-874A-295DA3F8BE23}.Release|x86.Build.0 = Release|Any CPU
		{03BD44E5-F7D0-4BEC-953A-1289BCFDD1B7}.Debug|Any CPU.ActiveCfg = Debug|Any CPU
		{03BD44E5-F7D0-4BEC-953A-1289BCFDD1B7}.Debug|Any CPU.Build.0 = Debug|Any CPU
		{03BD44E5-F7D0-4BEC-953A-1289BCFDD1B7}.Debug|x64.ActiveCfg = Debug|Any CPU
		{03BD44E5-F7D0-4BEC-953A-1289BCFDD1B7}.Debug|x64.Build.0 = Debug|Any CPU
		{03BD44E5-F7D0-4BEC-953A-1289BCFDD1B7}.Debug|x86.ActiveCfg = Debug|Any CPU
		{03BD44E5-F7D0-4BEC-953A-1289BCFDD1B7}.Debug|x86.Build.0 = Debug|Any CPU
		{03BD44E5-F7D0-4BEC-953A-1289BCFDD1B7}.Release|Any CPU.ActiveCfg = Release|Any CPU
		{03BD44E5-F7D0-4BEC-953A-1289BCFDD1B7}.Release|Any CPU.Build.0 = Release|Any CPU
		{03BD44E5-F7D0-4BEC-953A-1289BCFDD1B7}.Release|x64.ActiveCfg = Release|Any CPU
		{03BD44E5-F7D0-4BEC-953A-1289BCFDD1B7}.Release|x64.Build.0 = Release|Any CPU
		{03BD44E5-F7D0-4BEC-953A-1289BCFDD1B7}.Release|x86.ActiveCfg = Release|Any CPU
		{03BD44E5-F7D0-4BEC-953A-1289BCFDD1B7}.Release|x86.Build.0 = Release|Any CPU
		{7FF4014A-06EF-4914-978B-8C485D8DAFA3}.Debug|Any CPU.ActiveCfg = Debug|Any CPU
		{7FF4014A-06EF-4914-978B-8C485D8DAFA3}.Debug|Any CPU.Build.0 = Debug|Any CPU
		{7FF4014A-06EF-4914-978B-8C485D8DAFA3}.Debug|x64.ActiveCfg = Debug|Any CPU
		{7FF4014A-06EF-4914-978B-8C485D8DAFA3}.Debug|x64.Build.0 = Debug|Any CPU
		{7FF4014A-06EF-4914-978B-8C485D8DAFA3}.Debug|x86.ActiveCfg = Debug|Any CPU
		{7FF4014A-06EF-4914-978B-8C485D8DAFA3}.Debug|x86.Build.0 = Debug|Any CPU
		{7FF4014A-06EF-4914-978B-8C485D8DAFA3}.Release|Any CPU.ActiveCfg = Release|Any CPU
		{7FF4014A-06EF-4914-978B-8C485D8DAFA3}.Release|Any CPU.Build.0 = Release|Any CPU
		{7FF4014A-06EF-4914-978B-8C485D8DAFA3}.Release|x64.ActiveCfg = Release|Any CPU
		{7FF4014A-06EF-4914-978B-8C485D8DAFA3}.Release|x64.Build.0 = Release|Any CPU
		{7FF4014A-06EF-4914-978B-8C485D8DAFA3}.Release|x86.ActiveCfg = Release|Any CPU
		{7FF4014A-06EF-4914-978B-8C485D8DAFA3}.Release|x86.Build.0 = Release|Any CPU
		{AF34CBB7-839D-4906-940C-10877B9EA9AA}.Debug|Any CPU.ActiveCfg = Debug|Any CPU
		{AF34CBB7-839D-4906-940C-10877B9EA9AA}.Debug|Any CPU.Build.0 = Debug|Any CPU
		{AF34CBB7-839D-4906-940C-10877B9EA9AA}.Debug|x64.ActiveCfg = Debug|Any CPU
		{AF34CBB7-839D-4906-940C-10877B9EA9AA}.Debug|x64.Build.0 = Debug|Any CPU
		{AF34CBB7-839D-4906-940C-10877B9EA9AA}.Debug|x86.ActiveCfg = Debug|Any CPU
		{AF34CBB7-839D-4906-940C-10877B9EA9AA}.Debug|x86.Build.0 = Debug|Any CPU
		{AF34CBB7-839D-4906-940C-10877B9EA9AA}.Release|Any CPU.ActiveCfg = Release|Any CPU
		{AF34CBB7-839D-4906-940C-10877B9EA9AA}.Release|Any CPU.Build.0 = Release|Any CPU
		{AF34CBB7-839D-4906-940C-10877B9EA9AA}.Release|x64.ActiveCfg = Release|Any CPU
		{AF34CBB7-839D-4906-940C-10877B9EA9AA}.Release|x64.Build.0 = Release|Any CPU
		{AF34CBB7-839D-4906-940C-10877B9EA9AA}.Release|x86.ActiveCfg = Release|Any CPU
		{AF34CBB7-839D-4906-940C-10877B9EA9AA}.Release|x86.Build.0 = Release|Any CPU
		{0ED0D7D7-4216-44B8-AB4A-E66951BA2457}.Debug|Any CPU.ActiveCfg = Debug|Any CPU
		{0ED0D7D7-4216-44B8-AB4A-E66951BA2457}.Debug|Any CPU.Build.0 = Debug|Any CPU
		{0ED0D7D7-4216-44B8-AB4A-E66951BA2457}.Debug|x64.ActiveCfg = Debug|Any CPU
		{0ED0D7D7-4216-44B8-AB4A-E66951BA2457}.Debug|x64.Build.0 = Debug|Any CPU
		{0ED0D7D7-4216-44B8-AB4A-E66951BA2457}.Debug|x86.ActiveCfg = Debug|Any CPU
		{0ED0D7D7-4216-44B8-AB4A-E66951BA2457}.Debug|x86.Build.0 = Debug|Any CPU
		{0ED0D7D7-4216-44B8-AB4A-E66951BA2457}.Release|Any CPU.ActiveCfg = Release|Any CPU
		{0ED0D7D7-4216-44B8-AB4A-E66951BA2457}.Release|Any CPU.Build.0 = Release|Any CPU
		{0ED0D7D7-4216-44B8-AB4A-E66951BA2457}.Release|x64.ActiveCfg = Release|Any CPU
		{0ED0D7D7-4216-44B8-AB4A-E66951BA2457}.Release|x64.Build.0 = Release|Any CPU
		{0ED0D7D7-4216-44B8-AB4A-E66951BA2457}.Release|x86.ActiveCfg = Release|Any CPU
		{0ED0D7D7-4216-44B8-AB4A-E66951BA2457}.Release|x86.Build.0 = Release|Any CPU
		{83E4C8A6-02F9-4792-AFDD-885CEEA343CD}.Debug|Any CPU.ActiveCfg = Debug|Any CPU
		{83E4C8A6-02F9-4792-AFDD-885CEEA343CD}.Debug|Any CPU.Build.0 = Debug|Any CPU
		{83E4C8A6-02F9-4792-AFDD-885CEEA343CD}.Debug|x64.ActiveCfg = Debug|Any CPU
		{83E4C8A6-02F9-4792-AFDD-885CEEA343CD}.Debug|x64.Build.0 = Debug|Any CPU
		{83E4C8A6-02F9-4792-AFDD-885CEEA343CD}.Debug|x86.ActiveCfg = Debug|Any CPU
		{83E4C8A6-02F9-4792-AFDD-885CEEA343CD}.Debug|x86.Build.0 = Debug|Any CPU
		{83E4C8A6-02F9-4792-AFDD-885CEEA343CD}.Release|Any CPU.ActiveCfg = Release|Any CPU
		{83E4C8A6-02F9-4792-AFDD-885CEEA343CD}.Release|Any CPU.Build.0 = Release|Any CPU
		{83E4C8A6-02F9-4792-AFDD-885CEEA343CD}.Release|x64.ActiveCfg = Release|Any CPU
		{83E4C8A6-02F9-4792-AFDD-885CEEA343CD}.Release|x64.Build.0 = Release|Any CPU
		{83E4C8A6-02F9-4792-AFDD-885CEEA343CD}.Release|x86.ActiveCfg = Release|Any CPU
		{83E4C8A6-02F9-4792-AFDD-885CEEA343CD}.Release|x86.Build.0 = Release|Any CPU
		{13E9388A-5BF0-42DC-8FA4-24E7BE8DFD2D}.Debug|Any CPU.ActiveCfg = Debug|Any CPU
		{13E9388A-5BF0-42DC-8FA4-24E7BE8DFD2D}.Debug|Any CPU.Build.0 = Debug|Any CPU
		{13E9388A-5BF0-42DC-8FA4-24E7BE8DFD2D}.Debug|x64.ActiveCfg = Debug|Any CPU
		{13E9388A-5BF0-42DC-8FA4-24E7BE8DFD2D}.Debug|x64.Build.0 = Debug|Any CPU
		{13E9388A-5BF0-42DC-8FA4-24E7BE8DFD2D}.Debug|x86.ActiveCfg = Debug|Any CPU
		{13E9388A-5BF0-42DC-8FA4-24E7BE8DFD2D}.Debug|x86.Build.0 = Debug|Any CPU
		{13E9388A-5BF0-42DC-8FA4-24E7BE8DFD2D}.Release|Any CPU.ActiveCfg = Release|Any CPU
		{13E9388A-5BF0-42DC-8FA4-24E7BE8DFD2D}.Release|Any CPU.Build.0 = Release|Any CPU
		{13E9388A-5BF0-42DC-8FA4-24E7BE8DFD2D}.Release|x64.ActiveCfg = Release|Any CPU
		{13E9388A-5BF0-42DC-8FA4-24E7BE8DFD2D}.Release|x64.Build.0 = Release|Any CPU
		{13E9388A-5BF0-42DC-8FA4-24E7BE8DFD2D}.Release|x86.ActiveCfg = Release|Any CPU
		{13E9388A-5BF0-42DC-8FA4-24E7BE8DFD2D}.Release|x86.Build.0 = Release|Any CPU
		{A5F53687-E91D-4E73-99D5-79050E7491B2}.Debug|Any CPU.ActiveCfg = Debug|Any CPU
		{A5F53687-E91D-4E73-99D5-79050E7491B2}.Debug|Any CPU.Build.0 = Debug|Any CPU
		{A5F53687-E91D-4E73-99D5-79050E7491B2}.Debug|x64.ActiveCfg = Debug|Any CPU
		{A5F53687-E91D-4E73-99D5-79050E7491B2}.Debug|x64.Build.0 = Debug|Any CPU
		{A5F53687-E91D-4E73-99D5-79050E7491B2}.Debug|x86.ActiveCfg = Debug|Any CPU
		{A5F53687-E91D-4E73-99D5-79050E7491B2}.Debug|x86.Build.0 = Debug|Any CPU
		{A5F53687-E91D-4E73-99D5-79050E7491B2}.Release|Any CPU.ActiveCfg = Release|Any CPU
		{A5F53687-E91D-4E73-99D5-79050E7491B2}.Release|Any CPU.Build.0 = Release|Any CPU
		{A5F53687-E91D-4E73-99D5-79050E7491B2}.Release|x64.ActiveCfg = Release|Any CPU
		{A5F53687-E91D-4E73-99D5-79050E7491B2}.Release|x64.Build.0 = Release|Any CPU
		{A5F53687-E91D-4E73-99D5-79050E7491B2}.Release|x86.ActiveCfg = Release|Any CPU
		{A5F53687-E91D-4E73-99D5-79050E7491B2}.Release|x86.Build.0 = Release|Any CPU
	EndGlobalSection
	GlobalSection(SolutionProperties) = preSolution
		HideSolutionNode = FALSE
	EndGlobalSection
	GlobalSection(ExtensibilityGlobals) = postSolution
		SolutionGuid = {7822BF32-CF66-4AA7-AFB9-E8875525D82C}
	EndGlobalSection
EndGlobal
